
Microsoft Visual Studio Solution File, Format Version 12.00
# Visual Studio 14
VisualStudioVersion = 14.0.25420.1
MinimumVisualStudioVersion = 10.0.40219.1
Project("{FAE04EC0-301F-11D3-BF4B-00C04F79EFBC}") = "HarperSoftware.Domain", "HarperSoftware.Domain\HarperSoftware.Domain.csproj", "{09CA29C6-3EDA-4319-8103-8B43562925EE}"
EndProject
Project("{FAE04EC0-301F-11D3-BF4B-00C04F79EFBC}") = "HarperSoftware.Web", "HarperSoftware.Web\HarperSoftware.Web.csproj", "{01EC2C68-2EF0-4DF6-BD3C-F2A1C9A999FA}"
EndProject
Project("{FAE04EC0-301F-11D3-BF4B-00C04F79EFBC}") = "HarperSoftware.Logging", "HarperSoftware.Logging\HarperSoftware.Logging.csproj", "{8BEDE025-A566-457A-8AD4-76BF5608AD2E}"
EndProject
Global
	GlobalSection(SolutionConfigurationPlatforms) = preSolution
		Debug|Any CPU = Debug|Any CPU
		Release|Any CPU = Release|Any CPU
	EndGlobalSection
	GlobalSection(ProjectConfigurationPlatforms) = postSolution
		{09CA29C6-3EDA-4319-8103-8B43562925EE}.Debug|Any CPU.ActiveCfg = Debug|Any CPU
		{09CA29C6-3EDA-4319-8103-8B43562925EE}.Debug|Any CPU.Build.0 = Debug|Any CPU
		{09CA29C6-3EDA-4319-8103-8B43562925EE}.Release|Any CPU.ActiveCfg = Release|Any CPU
		{09CA29C6-3EDA-4319-8103-8B43562925EE}.Release|Any CPU.Build.0 = Release|Any CPU
		{01EC2C68-2EF0-4DF6-BD3C-F2A1C9A999FA}.Debug|Any CPU.ActiveCfg = Debug|Any CPU
		{01EC2C68-2EF0-4DF6-BD3C-F2A1C9A999FA}.Debug|Any CPU.Build.0 = Debug|Any CPU
		{01EC2C68-2EF0-4DF6-BD3C-F2A1C9A999FA}.Release|Any CPU.ActiveCfg = Release|Any CPU
		{01EC2C68-2EF0-4DF6-BD3C-F2A1C9A999FA}.Release|Any CPU.Build.0 = Release|Any CPU
		{8BEDE025-A566-457A-8AD4-76BF5608AD2E}.Debug|Any CPU.ActiveCfg = Debug|Any CPU
		{8BEDE025-A566-457A-8AD4-76BF5608AD2E}.Debug|Any CPU.Build.0 = Debug|Any CPU
		{8BEDE025-A566-457A-8AD4-76BF5608AD2E}.Release|Any CPU.ActiveCfg = Release|Any CPU
		{8BEDE025-A566-457A-8AD4-76BF5608AD2E}.Release|Any CPU.Build.0 = Release|Any CPU
	EndGlobalSection
	GlobalSection(SolutionProperties) = preSolution
		HideSolutionNode = FALSE
	EndGlobalSection
EndGlobal
